# THIS IS AN AUTOGENERATED FILE. DO NOT EDIT THIS FILE DIRECTLY.
# yarn lockfile v1


"@types/chai@^4.2.15":
  version "4.2.15"
  resolved "https://registry.yarnpkg.com/@types/chai/-/chai-4.2.15.tgz#b7a6d263c2cecf44b6de9a051cf496249b154553"
  integrity sha512-rYff6FI+ZTKAPkJUoyz7Udq3GaoDZnxYDEvdEdFZASiA7PoErltHezDishqQiSDWrGxvxmplH304jyzQmjp0AQ==

"@types/jasmine@^3.6.6":
  version "3.6.6"
  resolved "https://registry.yarnpkg.com/@types/jasmine/-/jasmine-3.6.6.tgz#4c0415f6198b2c643d895789f8c6d20436c1eddc"
  integrity sha512-kgl+oYOLCBt41iba8cetp+QPOqDAaTJnHtVPCE7JzYmda4juglRBLX35opVcANc7TLA/Lp0DEnajbUNnyxGC+Q==

"@types/node@^14.14.33":
  version "14.14.33"
  resolved "https://registry.yarnpkg.com/@types/node/-/node-14.14.33.tgz#9e4f8c64345522e4e8ce77b334a8aaa64e2b6c78"
  integrity sha512-oJqcTrgPUF29oUP8AsUqbXGJNuPutsetaa9kTQAQce5Lx5dTYWV02ScBiT/k1BX/Z7pKeqedmvp39Wu4zR7N7g==
